
Microsoft Visual Studio Solution File, Format Version 12.00
# Visual Studio 15
VisualStudioVersion = 15.0.27004.2009
MinimumVisualStudioVersion = 10.0.40219.1
Project("{FAE04EC0-301F-11D3-BF4B-00C04F79EFBC}") = "PatternsHomeWorkGit.Console", "PatternsHomeWorkGit.Console\PatternsHomeWorkGit.Console.csproj", "{FFDC51F3-A858-47A0-B339-9E299841B8CF}"
EndProject
Global
	GlobalSection(SolutionConfigurationPlatforms) = preSolution
		Debug|Any CPU = Debug|Any CPU
		Release|Any CPU = Release|Any CPU
	EndGlobalSection
	GlobalSection(ProjectConfigurationPlatforms) = postSolution
		{FFDC51F3-A858-47A0-B339-9E299841B8CF}.Debug|Any CPU.ActiveCfg = Debug|Any CPU
		{FFDC51F3-A858-47A0-B339-9E299841B8CF}.Debug|Any CPU.Build.0 = Debug|Any CPU
		{FFDC51F3-A858-47A0-B339-9E299841B8CF}.Release|Any CPU.ActiveCfg = Release|Any CPU
		{FFDC51F3-A858-47A0-B339-9E299841B8CF}.Release|Any CPU.Build.0 = Release|Any CPU
	EndGlobalSection
	GlobalSection(SolutionProperties) = preSolution
		HideSolutionNode = FALSE
	EndGlobalSection
	GlobalSection(ExtensibilityGlobals) = postSolution
		SolutionGuid = {40EEA608-DC9E-4B97-B8E8-A80EBE964587}
	EndGlobalSection
EndGlobal
